
Microsoft Visual Studio Solution File, Format Version 12.00
# Visual Studio Version 17
VisualStudioVersion = 17.7.34031.279
MinimumVisualStudioVersion = 10.0.40219.1
Project("{FAE04EC0-301F-11D3-BF4B-00C04F79EFBC}") = "DelegateBasicExample", "DelegateBasicExample\DelegateBasicExample.csproj", "{BFB0670F-F6EF-4879-B780-D1F20419B745}"
EndProject
Global
	GlobalSection(SolutionConfigurationPlatforms) = preSolution
		Debug|Any CPU = Debug|Any CPU
		Release|Any CPU = Release|Any CPU
	EndGlobalSection
	GlobalSection(ProjectConfigurationPlatforms) = postSolution
		{BFB0670F-F6EF-4879-B780-D1F20419B745}.Debug|Any CPU.ActiveCfg = Debug|Any CPU
		{BFB0670F-F6EF-4879-B780-D1F20419B745}.Debug|Any CPU.Build.0 = Debug|Any CPU
		{BFB0670F-F6EF-4879-B780-D1F20419B745}.Release|Any CPU.ActiveCfg = Release|Any CPU
		{BFB0670F-F6EF-4879-B780-D1F20419B745}.Release|Any CPU.Build.0 = Release|Any CPU
	EndGlobalSection
	GlobalSection(SolutionProperties) = preSolution
		HideSolutionNode = FALSE
	EndGlobalSection
	GlobalSection(ExtensibilityGlobals) = postSolution
		SolutionGuid = {121FC1F1-F147-4980-B9CC-9914FB87ADAF}
	EndGlobalSection
EndGlobal
